
Microsoft Visual Studio Solution File, Format Version 12.00
# Visual Studio Version 16
VisualStudioVersion = 16.0.31410.357
MinimumVisualStudioVersion = 10.0.40219.1
Project("{FAE04EC0-301F-11D3-BF4B-00C04F79EFBC}") = "LinkedList", "LinkedList\LinkedList.csproj", "{783D4C5B-06B2-43EE-9A6D-F649F6D2514B}"
EndProject
Global
	GlobalSection(SolutionConfigurationPlatforms) = preSolution
		Debug|Any CPU = Debug|Any CPU
		Release|Any CPU = Release|Any CPU
	EndGlobalSection
	GlobalSection(ProjectConfigurationPlatforms) = postSolution
		{783D4C5B-06B2-43EE-9A6D-F649F6D2514B}.Debug|Any CPU.ActiveCfg = Debug|Any CPU
		{783D4C5B-06B2-43EE-9A6D-F649F6D2514B}.Debug|Any CPU.Build.0 = Debug|Any CPU
		{783D4C5B-06B2-43EE-9A6D-F649F6D2514B}.Release|Any CPU.ActiveCfg = Release|Any CPU
		{783D4C5B-06B2-43EE-9A6D-F649F6D2514B}.Release|Any CPU.Build.0 = Release|Any CPU
	EndGlobalSection
	GlobalSection(SolutionProperties) = preSolution
		HideSolutionNode = FALSE
	EndGlobalSection
	GlobalSection(ExtensibilityGlobals) = postSolution
		SolutionGuid = {B3A03DF8-DBC7-4767-942D-0FDEAA5FB12A}
	EndGlobalSection
EndGlobal
